// !$*UTF8*$!
{
	archiveVersion = 1;
	classes = {
	};
	objectVersion = 56;
	objects = {

/* Begin PBXBuildFile section */
		48BBE94A2A44D80A005E4CF8 /* SimulatorSupport.swift in Sources */ = {isa = PBXBuildFile; fileRef = 48BBE9492A44D80A005E4CF8 /* SimulatorSupport.swift */; };
		48BD02ED2A44DCF6005E818E /* XRGyroControls.simdeviceui in CopyFiles */ = {isa = PBXBuildFile; fileRef = 48BBE9422A44D6CA005E4CF8 /* XRGyroControls.simdeviceui */; };
		48BDCD6C2A478808009ABEF4 /* CoreSimulator in Frameworks */ = {isa = PBXBuildFile; fileRef = 48BDCD6B2A478808009ABEF4 /* CoreSimulator */; };
		48BDCD6E2A47882C009ABEF4 /* SimulatorKit in Frameworks */ = {isa = PBXBuildFile; fileRef = 48BDCD6D2A47882C009ABEF4 /* SimulatorKit */; };
		48BDCD732A4799D3009ABEF4 /* CoreSimulator.h in Headers */ = {isa = PBXBuildFile; fileRef = 48BDCD722A4799D3009ABEF4 /* CoreSimulator.h */; };
/* End PBXBuildFile section */

/* Begin PBXCopyFilesBuildPhase section */
		48BD02EC2A44DCED005E818E /* CopyFiles */ = {
			isa = PBXCopyFilesBuildPhase;
			buildActionMask = 2147483647;
			dstPath = "/Applications/Xcode-beta.app/Contents/Developer/Platforms/XROS.platform/Library/Developer/CoreSimulator/Profiles/UserInterface";
			dstSubfolderSpec = 0;
			files = (
				48BD02ED2A44DCF6005E818E /* XRGyroControls.simdeviceui in CopyFiles */,
			);
			runOnlyForDeploymentPostprocessing = 0;
		};
/* End PBXCopyFilesBuildPhase section */

/* Begin PBXFileReference section */
		48BBE9422A44D6CA005E4CF8 /* XRGyroControls.simdeviceui */ = {isa = PBXFileReference; explicitFileType = wrapper.cfbundle; includeInIndex = 0; path = XRGyroControls.simdeviceui; sourceTree = BUILT_PRODUCTS_DIR; };
		48BBE9492A44D80A005E4CF8 /* SimulatorSupport.swift */ = {isa = PBXFileReference; lastKnownFileType = sourcecode.swift; path = SimulatorSupport.swift; sourceTree = "<group>"; };
		48BDCD6B2A478808009ABEF4 /* CoreSimulator */ = {isa = PBXFileReference; lastKnownFileType = "compiled.mach-o.dylib"; name = CoreSimulator; path = ../../../../Library/Developer/PrivateFrameworks/CoreSimulator.framework/Versions/A/CoreSimulator; sourceTree = "<group>"; };
		48BDCD6D2A47882C009ABEF4 /* SimulatorKit */ = {isa = PBXFileReference; lastKnownFileType = "compiled.mach-o.dylib"; name = SimulatorKit; path = "/Applications/Xcode-beta.app/Contents/Developer/Library/PrivateFrameworks/SimulatorKit.framework/Versions/A/SimulatorKit"; sourceTree = "<absolute>"; };
		48BDCD702A4799C9009ABEF4 /* SimulatorKit.swift */ = {isa = PBXFileReference; fileEncoding = 4; lastKnownFileType = sourcecode.swift; name = SimulatorKit.swift; path = SimulatorKit/SimulatorKit.swift; sourceTree = "<group>"; };
		48BDCD722A4799D3009ABEF4 /* CoreSimulator.h */ = {isa = PBXFileReference; fileEncoding = 4; lastKnownFileType = sourcecode.c.h; name = CoreSimulator.h; path = CoreSimulator/CoreSimulator.h; sourceTree = "<group>"; };
/* End PBXFileReference section */

/* Begin PBXFrameworksBuildPhase section */
		48BBE93F2A44D6CA005E4CF8 /* Frameworks */ = {
			isa = PBXFrameworksBuildPhase;
			buildActionMask = 2147483647;
			files = (
				48BDCD6E2A47882C009ABEF4 /* SimulatorKit in Frameworks */,
				48BDCD6C2A478808009ABEF4 /* CoreSimulator in Frameworks */,
			);
			runOnlyForDeploymentPostprocessing = 0;
		};
/* End PBXFrameworksBuildPhase section */

/* Begin PBXGroup section */
		48BBE9392A44D6CA005E4CF8 = {
			isa = PBXGroup;
			children = (
				48BBE9492A44D80A005E4CF8 /* SimulatorSupport.swift */,
				48BBE9432A44D6CA005E4CF8 /* Products */,
				48BD02EE2A44DF64005E818E /* Frameworks */,
			);
			sourceTree = "<group>";
		};
		48BBE9432A44D6CA005E4CF8 /* Products */ = {
			isa = PBXGroup;
			children = (
				48BBE9422A44D6CA005E4CF8 /* XRGyroControls.simdeviceui */,
			);
			name = Products;
			sourceTree = "<group>";
		};
		48BD02EE2A44DF64005E818E /* Frameworks */ = {
			isa = PBXGroup;
			children = (
				48BDCD722A4799D3009ABEF4 /* CoreSimulator.h */,
				48BDCD702A4799C9009ABEF4 /* SimulatorKit.swift */,
				48BDCD6D2A47882C009ABEF4 /* SimulatorKit */,
				48BDCD6B2A478808009ABEF4 /* CoreSimulator */,
			);
			name = Frameworks;
			sourceTree = "<group>";
		};
/* End PBXGroup section */

/* Begin PBXHeadersBuildPhase section */
		48BDCD372A467008009ABEF4 /* Headers */ = {
			isa = PBXHeadersBuildPhase;
			buildActionMask = 2147483647;
			files = (
				48BDCD732A4799D3009ABEF4 /* CoreSimulator.h in Headers */,
			);
			runOnlyForDeploymentPostprocessing = 0;
		};
/* End PBXHeadersBuildPhase section */

/* Begin PBXNativeTarget section */
		48BBE9412A44D6CA005E4CF8 /* XRGyroControls */ = {
			isa = PBXNativeTarget;
			buildConfigurationList = 48BBE9462A44D6CA005E4CF8 /* Build configuration list for PBXNativeTarget "XRGyroControls" */;
			buildPhases = (
				48BDCD6F2A47975D009ABEF4 /* ShellScript */,
				48BDCD372A467008009ABEF4 /* Headers */,
				48BBE93E2A44D6CA005E4CF8 /* Sources */,
				48BBE93F2A44D6CA005E4CF8 /* Frameworks */,
				48BBE9402A44D6CA005E4CF8 /* Resources */,
				48BD02EC2A44DCED005E818E /* CopyFiles */,
			);
			buildRules = (
			);
			dependencies = (
			);
			name = XRGyroControls;
			productName = XROS;
			productReference = 48BBE9422A44D6CA005E4CF8 /* XRGyroControls.simdeviceui */;
			productType = "com.apple.product-type.bundle";
		};
/* End PBXNativeTarget section */

/* Begin PBXProject section */
		48BBE93A2A44D6CA005E4CF8 /* Project object */ = {
			isa = PBXProject;
			attributes = {
				BuildIndependentTargetsInParallel = 1;
				LastUpgradeCheck = 1500;
				TargetAttributes = {
					48BBE9412A44D6CA005E4CF8 = {
						CreatedOnToolsVersion = 15.0;
						LastSwiftMigration = 1500;
					};
				};
			};
			buildConfigurationList = 48BBE93D2A44D6CA005E4CF8 /* Build configuration list for PBXProject "XRGyroControls" */;
			compatibilityVersion = "Xcode 14.0";
			developmentRegion = en;
			hasScannedForEncodings = 0;
			knownRegions = (
				en,
				Base,
			);
			mainGroup = 48BBE9392A44D6CA005E4CF8;
			productRefGroup = 48BBE9432A44D6CA005E4CF8 /* Products */;
			projectDirPath = "";
			projectRoot = "";
			targets = (
				48BBE9412A44D6CA005E4CF8 /* XRGyroControls */,
			);
		};
/* End PBXProject section */

/* Begin PBXResourcesBuildPhase section */
		48BBE9402A44D6CA005E4CF8 /* Resources */ = {
			isa = PBXResourcesBuildPhase;
			buildActionMask = 2147483647;
			files = (
			);
			runOnlyForDeploymentPostprocessing = 0;
		};
/* End PBXResourcesBuildPhase section */

/* Begin PBXShellScriptBuildPhase section */
		48BDCD6F2A47975D009ABEF4 /* ShellScript */ = {
			isa = PBXShellScriptBuildPhase;
			buildActionMask = 2147483647;
			files = (
			);
			inputFileListPaths = (
			);
			inputPaths = (
				"$(SRCROOT)/SimulatorKit/SimulatorKit.swift",
				"$(SRCROOT)/CoreSimulator/module.modulemap",
			);
			outputFileListPaths = (
			);
			outputPaths = (
				"$(DERIVED_FILE_DIR)/SimulatorKit.swiftmodule",
			);
			runOnlyForDeploymentPostprocessing = 0;
			shellPath = /bin/sh;
			shellScript = "# Compile SimulatorKit module\nswiftc -emit-module $SRCROOT/SimulatorKit/SimulatorKit.swift -module-name SimulatorKit -I $SRCROOT/CoreSimulator -avoid-emit-module-source-info -emit-module-path $DERIVED_FILES_DIR\n";
		};
/* End PBXShellScriptBuildPhase section */

/* Begin PBXSourcesBuildPhase section */
		48BBE93E2A44D6CA005E4CF8 /* Sources */ = {
			isa = PBXSourcesBuildPhase;
			buildActionMask = 2147483647;
			files = (
				48BBE94A2A44D80A005E4CF8 /* SimulatorSupport.swift in Sources */,
			);
			runOnlyForDeploymentPostprocessing = 0;
		};
/* End PBXSourcesBuildPhase section */

/* Begin XCBuildConfiguration section */
		48BBE9442A44D6CA005E4CF8 /* Debug */ = {
			isa = XCBuildConfiguration;
			buildSettings = {
				ALWAYS_SEARCH_USER_PATHS = NO;
				ASSETCATALOG_COMPILER_GENERATE_SWIFT_ASSET_SYMBOL_EXTENSIONS = YES;
				CLANG_ANALYZER_NONNULL = YES;
				CLANG_ANALYZER_NUMBER_OBJECT_CONVERSION = YES_AGGRESSIVE;
				CLANG_CXX_LANGUAGE_STANDARD = "gnu++20";
				CLANG_ENABLE_MODULES = YES;
				CLANG_ENABLE_OBJC_ARC = YES;
				CLANG_ENABLE_OBJC_WEAK = YES;
				CLANG_WARN_BLOCK_CAPTURE_AUTORELEASING = YES;
				CLANG_WARN_BOOL_CONVERSION = YES;
				CLANG_WARN_COMMA = YES;
				CLANG_WARN_CONSTANT_CONVERSION = YES;
				CLANG_WARN_DEPRECATED_OBJC_IMPLEMENTATIONS = YES;
				CLANG_WARN_DIRECT_OBJC_ISA_USAGE = YES_ERROR;
				CLANG_WARN_DOCUMENTATION_COMMENTS = YES;
				CLANG_WARN_EMPTY_BODY = YES;
				CLANG_WARN_ENUM_CONVERSION = YES;
				CLANG_WARN_INFINITE_RECURSION = YES;
				CLANG_WARN_INT_CONVERSION = YES;
				CLANG_WARN_NON_LITERAL_NULL_CONVERSION = YES;
				CLANG_WARN_OBJC_IMPLICIT_RETAIN_SELF = YES;
				CLANG_WARN_OBJC_LITERAL_CONVERSION = YES;
				CLANG_WARN_OBJC_ROOT_CLASS = YES_ERROR;
				CLANG_WARN_QUOTED_INCLUDE_IN_FRAMEWORK_HEADER = YES;
				CLANG_WARN_RANGE_LOOP_ANALYSIS = YES;
				CLANG_WARN_STRICT_PROTOTYPES = YES;
				CLANG_WARN_SUSPICIOUS_MOVE = YES;
				CLANG_WARN_UNGUARDED_AVAILABILITY = YES_AGGRESSIVE;
				CLANG_WARN_UNREACHABLE_CODE = YES;
				CLANG_WARN__DUPLICATE_METHOD_MATCH = YES;
				COPY_PHASE_STRIP = NO;
				DEBUG_INFORMATION_FORMAT = dwarf;
				ENABLE_STRICT_OBJC_MSGSEND = YES;
				ENABLE_TESTABILITY = YES;
				ENABLE_USER_SCRIPT_SANDBOXING = YES;
				GCC_C_LANGUAGE_STANDARD = gnu17;
				GCC_DYNAMIC_NO_PIC = NO;
				GCC_NO_COMMON_BLOCKS = YES;
				GCC_OPTIMIZATION_LEVEL = 0;
				GCC_PREPROCESSOR_DEFINITIONS = (
					"DEBUG=1",
					"$(inherited)",
				);
				GCC_WARN_64_TO_32_BIT_CONVERSION = YES;
				GCC_WARN_ABOUT_RETURN_TYPE = YES_ERROR;
				GCC_WARN_UNDECLARED_SELECTOR = YES;
				GCC_WARN_UNINITIALIZED_AUTOS = YES_AGGRESSIVE;
				GCC_WARN_UNUSED_FUNCTION = YES;
				GCC_WARN_UNUSED_VARIABLE = YES;
				LOCALIZATION_PREFERS_STRING_CATALOGS = YES;
				MACOSX_DEPLOYMENT_TARGET = 13.4;
				MTL_ENABLE_DEBUG_INFO = INCLUDE_SOURCE;
				MTL_FAST_MATH = YES;
				ONLY_ACTIVE_ARCH = YES;
				SDKROOT = macosx;
			};
			name = Debug;
		};
		48BBE9452A44D6CA005E4CF8 /* Release */ = {
			isa = XCBuildConfiguration;
			buildSettings = {
				ALWAYS_SEARCH_USER_PATHS = NO;
				ASSETCATALOG_COMPILER_GENERATE_SWIFT_ASSET_SYMBOL_EXTENSIONS = YES;
				CLANG_ANALYZER_NONNULL = YES;
				CLANG_ANALYZER_NUMBER_OBJECT_CONVERSION = YES_AGGRESSIVE;
				CLANG_CXX_LANGUAGE_STANDARD = "gnu++20";
				CLANG_ENABLE_MODULES = YES;
				CLANG_ENABLE_OBJC_ARC = YES;
				CLANG_ENABLE_OBJC_WEAK = YES;
				CLANG_WARN_BLOCK_CAPTURE_AUTORELEASING = YES;
				CLANG_WARN_BOOL_CONVERSION = YES;
				CLANG_WARN_COMMA = YES;
				CLANG_WARN_CONSTANT_CONVERSION = YES;
				CLANG_WARN_DEPRECATED_OBJC_IMPLEMENTATIONS = YES;
				CLANG_WARN_DIRECT_OBJC_ISA_USAGE = YES_ERROR;
				CLANG_WARN_DOCUMENTATION_COMMENTS = YES;
				CLANG_WARN_EMPTY_BODY = YES;
				CLANG_WARN_ENUM_CONVERSION = YES;
				CLANG_WARN_INFINITE_RECURSION = YES;
				CLANG_WARN_INT_CONVERSION = YES;
				CLANG_WARN_NON_LITERAL_NULL_CONVERSION = YES;
				CLANG_WARN_OBJC_IMPLICIT_RETAIN_SELF = YES;
				CLANG_WARN_OBJC_LITERAL_CONVERSION = YES;
				CLANG_WARN_OBJC_ROOT_CLASS = YES_ERROR;
				CLANG_WARN_QUOTED_INCLUDE_IN_FRAMEWORK_HEADER = YES;
				CLANG_WARN_RANGE_LOOP_ANALYSIS = YES;
				CLANG_WARN_STRICT_PROTOTYPES = YES;
				CLANG_WARN_SUSPICIOUS_MOVE = YES;
				CLANG_WARN_UNGUARDED_AVAILABILITY = YES_AGGRESSIVE;
				CLANG_WARN_UNREACHABLE_CODE = YES;
				CLANG_WARN__DUPLICATE_METHOD_MATCH = YES;
				COPY_PHASE_STRIP = NO;
				DEBUG_INFORMATION_FORMAT = "dwarf-with-dsym";
				ENABLE_NS_ASSERTIONS = NO;
				ENABLE_STRICT_OBJC_MSGSEND = YES;
				ENABLE_USER_SCRIPT_SANDBOXING = YES;
				GCC_C_LANGUAGE_STANDARD = gnu17;
				GCC_NO_COMMON_BLOCKS = YES;
				GCC_WARN_64_TO_32_BIT_CONVERSION = YES;
				GCC_WARN_ABOUT_RETURN_TYPE = YES_ERROR;
				GCC_WARN_UNDECLARED_SELECTOR = YES;
				GCC_WARN_UNINITIALIZED_AUTOS = YES_AGGRESSIVE;
				GCC_WARN_UNUSED_FUNCTION = YES;
				GCC_WARN_UNUSED_VARIABLE = YES;
				LOCALIZATION_PREFERS_STRING_CATALOGS = YES;
				MACOSX_DEPLOYMENT_TARGET = 13.4;
				MTL_ENABLE_DEBUG_INFO = NO;
				MTL_FAST_MATH = YES;
				SDKROOT = macosx;
			};
			name = Release;
		};
		48BBE9472A44D6CA005E4CF8 /* Debug */ = {
			isa = XCBuildConfiguration;
			buildSettings = {
				CLANG_ENABLE_MODULES = YES;
				COMBINE_HIDPI_IMAGES = YES;
				CURRENT_PROJECT_VERSION = 1;
				GENERATE_INFOPLIST_FILE = YES;
				INFOPLIST_KEY_NSPrincipalClass = "$(PRODUCT_NAME).SimulatorSupport";
				INSTALL_PATH = "$(LOCAL_LIBRARY_DIR)/Bundles";
				MARKETING_VERSION = 1.0;
				PRODUCT_BUNDLE_IDENTIFIER = com.apple.CoreSimulator.SimDeviceUserInterface.XROS;
				PRODUCT_NAME = "$(TARGET_NAME)";
				SKIP_INSTALL = YES;
				SWIFT_EMIT_LOC_STRINGS = YES;
				SWIFT_INCLUDE_PATHS = "$(DERIVED_FILE_DIR)";
				SWIFT_OPTIMIZATION_LEVEL = "-Onone";
				SWIFT_VERSION = 5.0;
				WRAPPER_EXTENSION = simdeviceui;
			};
			name = Debug;
		};
		48BBE9482A44D6CA005E4CF8 /* Release */ = {
			isa = XCBuildConfiguration;
			buildSettings = {
				CLANG_ENABLE_MODULES = YES;
				COMBINE_HIDPI_IMAGES = YES;
				CURRENT_PROJECT_VERSION = 1;
				GENERATE_INFOPLIST_FILE = YES;
				INFOPLIST_KEY_NSPrincipalClass = "$(PRODUCT_NAME).SimulatorSupport";
				INSTALL_PATH = "$(LOCAL_LIBRARY_DIR)/Bundles";
				MARKETING_VERSION = 1.0;
				PRODUCT_BUNDLE_IDENTIFIER = com.apple.CoreSimulator.SimDeviceUserInterface.XROS;
				PRODUCT_NAME = "$(TARGET_NAME)";
				SKIP_INSTALL = YES;
				SWIFT_EMIT_LOC_STRINGS = YES;
				SWIFT_INCLUDE_PATHS = "$(DERIVED_FILE_DIR)";
				SWIFT_VERSION = 5.0;
				WRAPPER_EXTENSION = simdeviceui;
			};
			name = Release;
		};
/* End XCBuildConfiguration section */

/* Begin XCConfigurationList section */
		48BBE93D2A44D6CA005E4CF8 /* Build configuration list for PBXProject "XRGyroControls" */ = {
			isa = XCConfigurationList;
			buildConfigurations = (
				48BBE9442A44D6CA005E4CF8 /* Debug */,
				48BBE9452A44D6CA005E4CF8 /* Release */,
			);
			defaultConfigurationIsVisible = 0;
			defaultConfigurationName = Release;
		};
		48BBE9462A44D6CA005E4CF8 /* Build configuration list for PBXNativeTarget "XRGyroControls" */ = {
			isa = XCConfigurationList;
			buildConfigurations = (
				48BBE9472A44D6CA005E4CF8 /* Debug */,
				48BBE9482A44D6CA005E4CF8 /* Release */,
			);
			defaultConfigurationIsVisible = 0;
			defaultConfigurationName = Release;
		};
/* End XCConfigurationList section */
	};
	rootObject = 48BBE93A2A44D6CA005E4CF8 /* Project object */;
}
