// !$*UTF8*$!
{
	archiveVersion = 1;
	classes = {
	};
	objectVersion = 56;
	objects = {

/* Begin PBXBuildFile section */
		48BBE94A2A44D80A005E4CF8 /* PalomaSimSupport.swift in Sources */ = {isa = PBXBuildFile; fileRef = 48BBE9492A44D80A005E4CF8 /* PalomaSimSupport.swift */; };
		48BD02ED2A44DCF6005E818E /* XROS.simdeviceui in CopyFiles */ = {isa = PBXBuildFile; fileRef = 48BBE9422A44D6CA005E4CF8 /* XROS.simdeviceui */; };
		48BDCB722A4604D8009ABEF4 /* CoreSimulator in Frameworks */ = {isa = PBXBuildFile; fileRef = 48BDCB712A4604D8009ABEF4 /* CoreSimulator */; };
		48BDCBC82A46142D009ABEF4 /* SimulatorKit.h in Headers */ = {isa = PBXBuildFile; fileRef = 48BDCBC72A46142D009ABEF4 /* SimulatorKit.h */; settings = {ATTRIBUTES = (Public, ); }; };
		48BDCBCD2A46144B009ABEF4 /* SimulatorKit.swift in Sources */ = {isa = PBXBuildFile; fileRef = 48BDCBCC2A46144B009ABEF4 /* SimulatorKit.swift */; };
		48BDCBCE2A4614E9009ABEF4 /* SimulatorKit.framework in Frameworks */ = {isa = PBXBuildFile; fileRef = 48BDCBC52A46142D009ABEF4 /* SimulatorKit.framework */; };
/* End PBXBuildFile section */

/* Begin PBXContainerItemProxy section */
		48BDCBCF2A4614ED009ABEF4 /* PBXContainerItemProxy */ = {
			isa = PBXContainerItemProxy;
			containerPortal = 48BBE93A2A44D6CA005E4CF8 /* Project object */;
			proxyType = 1;
			remoteGlobalIDString = 48BDCBC42A46142D009ABEF4;
			remoteInfo = SimulatorKit;
		};
/* End PBXContainerItemProxy section */

/* Begin PBXCopyFilesBuildPhase section */
		48BD02EC2A44DCED005E818E /* CopyFiles */ = {
			isa = PBXCopyFilesBuildPhase;
			buildActionMask = 2147483647;
			dstPath = "/Applications/Xcode-beta.app/Contents/Developer/Platforms/XROS.platform/Library/Developer/CoreSimulator/Profiles/UserInterface";
			dstSubfolderSpec = 0;
			files = (
				48BD02ED2A44DCF6005E818E /* XROS.simdeviceui in CopyFiles */,
			);
			runOnlyForDeploymentPostprocessing = 0;
		};
/* End PBXCopyFilesBuildPhase section */

/* Begin PBXFileReference section */
		48BBE9422A44D6CA005E4CF8 /* XROS.simdeviceui */ = {isa = PBXFileReference; explicitFileType = wrapper.cfbundle; includeInIndex = 0; path = XROS.simdeviceui; sourceTree = BUILT_PRODUCTS_DIR; };
		48BBE9492A44D80A005E4CF8 /* PalomaSimSupport.swift */ = {isa = PBXFileReference; lastKnownFileType = sourcecode.swift; path = PalomaSimSupport.swift; sourceTree = "<group>"; };
		48BD02F32A44E1AB005E818E /* XROS-Bridging-Header.h */ = {isa = PBXFileReference; lastKnownFileType = sourcecode.c.h; path = "XROS-Bridging-Header.h"; sourceTree = "<group>"; };
		48BD02F72A44E375005E818E /* SimDeviceIOClient.h */ = {isa = PBXFileReference; fileEncoding = 4; lastKnownFileType = sourcecode.c.h; path = SimDeviceIOClient.h; sourceTree = "<group>"; };
		48BD02F82A44E375005E818E /* SimDeviceSet+Removed.h */ = {isa = PBXFileReference; fileEncoding = 4; lastKnownFileType = sourcecode.c.h; path = "SimDeviceSet+Removed.h"; sourceTree = "<group>"; };
		48BD02F92A44E375005E818E /* SimDevice+Removed.h */ = {isa = PBXFileReference; fileEncoding = 4; lastKnownFileType = sourcecode.c.h; path = "SimDevice+Removed.h"; sourceTree = "<group>"; };
		48BD02FA2A44E375005E818E /* SimPasteboardItem.h */ = {isa = PBXFileReference; fileEncoding = 4; lastKnownFileType = sourcecode.c.h; path = SimPasteboardItem.h; sourceTree = "<group>"; };
		48BD02FB2A44E375005E818E /* SimDeviceNotificationManager.h */ = {isa = PBXFileReference; fileEncoding = 4; lastKnownFileType = sourcecode.c.h; path = SimDeviceNotificationManager.h; sourceTree = "<group>"; };
		48BD02FC2A44E375005E818E /* SimDeviceIOPortConsumer-Protocol.h */ = {isa = PBXFileReference; fileEncoding = 4; lastKnownFileType = sourcecode.c.h; path = "SimDeviceIOPortConsumer-Protocol.h"; sourceTree = "<group>"; };
		48BD02FD2A44E375005E818E /* SimDeviceIOLoadedBundle.h */ = {isa = PBXFileReference; fileEncoding = 4; lastKnownFileType = sourcecode.c.h; path = SimDeviceIOLoadedBundle.h; sourceTree = "<group>"; };
		48BD02FE2A44E375005E818E /* SimMachPortServer.h */ = {isa = PBXFileReference; fileEncoding = 4; lastKnownFileType = sourcecode.c.h; path = SimMachPortServer.h; sourceTree = "<group>"; };
		48BD02FF2A44E375005E818E /* DefaultDisplayDescriptorState.h */ = {isa = PBXFileReference; fileEncoding = 4; lastKnownFileType = sourcecode.c.h; path = DefaultDisplayDescriptorState.h; sourceTree = "<group>"; };
		48BD03002A44E375005E818E /* CoreSimulator+BlockDefines.h */ = {isa = PBXFileReference; fileEncoding = 4; lastKnownFileType = sourcecode.c.h; path = "CoreSimulator+BlockDefines.h"; sourceTree = "<group>"; };
		48BD03012A44E375005E818E /* NSKeyedUnarchiver-SimPasteboardItem.h */ = {isa = PBXFileReference; fileEncoding = 4; lastKnownFileType = sourcecode.c.h; path = "NSKeyedUnarchiver-SimPasteboardItem.h"; sourceTree = "<group>"; };
		48BD03022A44E375005E818E /* SimPasteboard-Protocol.h */ = {isa = PBXFileReference; fileEncoding = 4; lastKnownFileType = sourcecode.c.h; path = "SimPasteboard-Protocol.h"; sourceTree = "<group>"; };
		48BD03032A44E375005E818E /* NSDictionary-SimEnvp.h */ = {isa = PBXFileReference; fileEncoding = 4; lastKnownFileType = sourcecode.c.h; path = "NSDictionary-SimEnvp.h"; sourceTree = "<group>"; };
		48BD03042A44E375005E818E /* SimProfilesPathMonitor.h */ = {isa = PBXFileReference; fileEncoding = 4; lastKnownFileType = sourcecode.c.h; path = SimProfilesPathMonitor.h; sourceTree = "<group>"; };
		48BD03052A44E375005E818E /* NSString-SIMCPUType.h */ = {isa = PBXFileReference; fileEncoding = 4; lastKnownFileType = sourcecode.c.h; path = "NSString-SIMCPUType.h"; sourceTree = "<group>"; };
		48BD03062A44E375005E818E /* NSString-SimServiceContextExtras.h */ = {isa = PBXFileReference; fileEncoding = 4; lastKnownFileType = sourcecode.c.h; path = "NSString-SimServiceContextExtras.h"; sourceTree = "<group>"; };
		48BD03072A44E375005E818E /* SimPasteboardSyncPoolProtocol-Protocol.h */ = {isa = PBXFileReference; fileEncoding = 4; lastKnownFileType = sourcecode.c.h; path = "SimPasteboardSyncPoolProtocol-Protocol.h"; sourceTree = "<group>"; };
		48BD03082A44E375005E818E /* SimRuntimePairingReuirements.h */ = {isa = PBXFileReference; fileEncoding = 4; lastKnownFileType = sourcecode.c.h; path = SimRuntimePairingReuirements.h; sourceTree = "<group>"; };
		48BD03092A44E375005E818E /* SimDevicePair.h */ = {isa = PBXFileReference; fileEncoding = 4; lastKnownFileType = sourcecode.c.h; path = SimDevicePair.h; sourceTree = "<group>"; };
		48BD030A2A44E375005E818E /* SimDeviceIOPortDescriptorState-Protocol.h */ = {isa = PBXFileReference; fileEncoding = 4; lastKnownFileType = sourcecode.c.h; path = "SimDeviceIOPortDescriptorState-Protocol.h"; sourceTree = "<group>"; };
		48BD030B2A44E375005E818E /* SimServiceContext.h */ = {isa = PBXFileReference; fileEncoding = 4; lastKnownFileType = sourcecode.c.h; path = SimServiceContext.h; sourceTree = "<group>"; };
		48BD030C2A44E375005E818E /* SimDeviceIOProtocol-Protocol.h */ = {isa = PBXFileReference; fileEncoding = 4; lastKnownFileType = sourcecode.c.h; path = "SimDeviceIOProtocol-Protocol.h"; sourceTree = "<group>"; };
		48BD030D2A44E375005E818E /* SimPasteboardSyncPoolObject.h */ = {isa = PBXFileReference; fileEncoding = 4; lastKnownFileType = sourcecode.c.h; path = SimPasteboardSyncPoolObject.h; sourceTree = "<group>"; };
		48BD030E2A44E375005E818E /* SimLocalThrowable.h */ = {isa = PBXFileReference; fileEncoding = 4; lastKnownFileType = sourcecode.c.h; path = SimLocalThrowable.h; sourceTree = "<group>"; };
		48BD030F2A44E375005E818E /* SimDeviceIO.h */ = {isa = PBXFileReference; fileEncoding = 4; lastKnownFileType = sourcecode.c.h; path = SimDeviceIO.h; sourceTree = "<group>"; };
		48BD03102A44E375005E818E /* SimDeviceBootInfo.h */ = {isa = PBXFileReference; fileEncoding = 4; lastKnownFileType = sourcecode.c.h; path = SimDeviceBootInfo.h; sourceTree = "<group>"; };
		48BD03112A44E375005E818E /* SimDevicePasteboardConnection.h */ = {isa = PBXFileReference; fileEncoding = 4; lastKnownFileType = sourcecode.c.h; path = SimDevicePasteboardConnection.h; sourceTree = "<group>"; };
		48BD03122A44E375005E818E /* NSArray-SimArgv.h */ = {isa = PBXFileReference; fileEncoding = 4; lastKnownFileType = sourcecode.c.h; path = "NSArray-SimArgv.h"; sourceTree = "<group>"; };
		48BD03132A44E375005E818E /* NSPasteboardItemDataProvider-Protocol.h */ = {isa = PBXFileReference; fileEncoding = 4; lastKnownFileType = sourcecode.c.h; path = "NSPasteboardItemDataProvider-Protocol.h"; sourceTree = "<group>"; };
		48BD03142A44E375005E818E /* NSFileManager-CoreSimulator.h */ = {isa = PBXFileReference; fileEncoding = 4; lastKnownFileType = sourcecode.c.h; path = "NSFileManager-CoreSimulator.h"; sourceTree = "<group>"; };
		48BD03152A44E375005E818E /* NSKeyedArchiver-SimPasteboardItem.h */ = {isa = PBXFileReference; fileEncoding = 4; lastKnownFileType = sourcecode.c.h; path = "NSKeyedArchiver-SimPasteboardItem.h"; sourceTree = "<group>"; };
		48BD03162A44E375005E818E /* CDStructures.h */ = {isa = PBXFileReference; fileEncoding = 4; lastKnownFileType = sourcecode.c.h; path = CDStructures.h; sourceTree = "<group>"; };
		48BD03172A44E375005E818E /* NSError-SimError.h */ = {isa = PBXFileReference; fileEncoding = 4; lastKnownFileType = sourcecode.c.h; path = "NSError-SimError.h"; sourceTree = "<group>"; };
		48BD03182A44E375005E818E /* NSSecureCoding-Protocol.h */ = {isa = PBXFileReference; fileEncoding = 4; lastKnownFileType = sourcecode.c.h; path = "NSSecureCoding-Protocol.h"; sourceTree = "<group>"; };
		48BD03192A44E375005E818E /* NSKeyedArchiver-SimSecurely.h */ = {isa = PBXFileReference; fileEncoding = 4; lastKnownFileType = sourcecode.c.h; path = "NSKeyedArchiver-SimSecurely.h"; sourceTree = "<group>"; };
		48BD031A2A44E375005E818E /* SimPasteboardSyncPool.h */ = {isa = PBXFileReference; fileEncoding = 4; lastKnownFileType = sourcecode.c.h; path = SimPasteboardSyncPool.h; sourceTree = "<group>"; };
		48BD031B2A44E375005E818E /* SimDevice.h */ = {isa = PBXFileReference; fileEncoding = 4; lastKnownFileType = sourcecode.c.h; path = SimDevice.h; sourceTree = "<group>"; };
		48BD031C2A44E375005E818E /* SimDeviceIOInterface-Protocol.h */ = {isa = PBXFileReference; fileEncoding = 4; lastKnownFileType = sourcecode.c.h; path = "SimDeviceIOInterface-Protocol.h"; sourceTree = "<group>"; };
		48BD031D2A44E375005E818E /* SimRuntime.h */ = {isa = PBXFileReference; fileEncoding = 4; lastKnownFileType = sourcecode.c.h; path = SimRuntime.h; sourceTree = "<group>"; };
		48BD031E2A44E375005E818E /* SimNSPasteboardItem.h */ = {isa = PBXFileReference; fileEncoding = 4; lastKnownFileType = sourcecode.c.h; path = SimNSPasteboardItem.h; sourceTree = "<group>"; };
		48BD031F2A44E375005E818E /* SimDeviceType+Removed.h */ = {isa = PBXFileReference; fileEncoding = 4; lastKnownFileType = sourcecode.c.h; path = "SimDeviceType+Removed.h"; sourceTree = "<group>"; };
		48BD03202A44E375005E818E /* SimNSPasteboard.h */ = {isa = PBXFileReference; fileEncoding = 4; lastKnownFileType = sourcecode.c.h; path = SimNSPasteboard.h; sourceTree = "<group>"; };
		48BD03212A44E375005E818E /* NSCoding-Protocol.h */ = {isa = PBXFileReference; fileEncoding = 4; lastKnownFileType = sourcecode.c.h; path = "NSCoding-Protocol.h"; sourceTree = "<group>"; };
		48BD03222A44E375005E818E /* SimPasteboardItemWrappedData.h */ = {isa = PBXFileReference; fileEncoding = 4; lastKnownFileType = sourcecode.c.h; path = SimPasteboardItemWrappedData.h; sourceTree = "<group>"; };
		48BD03232A44E375005E818E /* NSUserDefaults-SimDefaults.h */ = {isa = PBXFileReference; fileEncoding = 4; lastKnownFileType = sourcecode.c.h; path = "NSUserDefaults-SimDefaults.h"; sourceTree = "<group>"; };
		48BD03242A44E375005E818E /* SimDeviceNotifier-Protocol.h */ = {isa = PBXFileReference; fileEncoding = 4; lastKnownFileType = sourcecode.c.h; path = "SimDeviceNotifier-Protocol.h"; sourceTree = "<group>"; };
		48BD03252A44E375005E818E /* NSPasteboardItem-SimPasteboardItem.h */ = {isa = PBXFileReference; fileEncoding = 4; lastKnownFileType = sourcecode.c.h; path = "NSPasteboardItem-SimPasteboardItem.h"; sourceTree = "<group>"; };
		48BD03262A44E375005E818E /* FoundationXPCProtocolProxyable-Protocol.h */ = {isa = PBXFileReference; fileEncoding = 4; lastKnownFileType = sourcecode.c.h; path = "FoundationXPCProtocolProxyable-Protocol.h"; sourceTree = "<group>"; };
		48BD03272A44E375005E818E /* NSDictionary-SimSaveWithError.h */ = {isa = PBXFileReference; fileEncoding = 4; lastKnownFileType = sourcecode.c.h; path = "NSDictionary-SimSaveWithError.h"; sourceTree = "<group>"; };
		48BD03282A44E375005E818E /* SimDevicePasteboard.h */ = {isa = PBXFileReference; fileEncoding = 4; lastKnownFileType = sourcecode.c.h; path = SimDevicePasteboard.h; sourceTree = "<group>"; };
		48BD03292A44E375005E818E /* SimPasteboardItemDataProvider-Protocol.h */ = {isa = PBXFileReference; fileEncoding = 4; lastKnownFileType = sourcecode.c.h; path = "SimPasteboardItemDataProvider-Protocol.h"; sourceTree = "<group>"; };
		48BD032A2A44E375005E818E /* SimRuntime+Removed.h */ = {isa = PBXFileReference; fileEncoding = 4; lastKnownFileType = sourcecode.c.h; path = "SimRuntime+Removed.h"; sourceTree = "<group>"; };
		48BD032B2A44E375005E818E /* SimDisplayDefaultDescriptorState.h */ = {isa = PBXFileReference; fileEncoding = 4; lastKnownFileType = sourcecode.c.h; path = SimDisplayDefaultDescriptorState.h; sourceTree = "<group>"; };
		48BD032C2A44E375005E818E /* SimPasteboardPortMap.h */ = {isa = PBXFileReference; fileEncoding = 4; lastKnownFileType = sourcecode.c.h; path = SimPasteboardPortMap.h; sourceTree = "<group>"; };
		48BD032D2A44E375005E818E /* SimDisplayDescriptorState-Protocol.h */ = {isa = PBXFileReference; fileEncoding = 4; lastKnownFileType = sourcecode.c.h; path = "SimDisplayDescriptorState-Protocol.h"; sourceTree = "<group>"; };
		48BD032E2A44E375005E818E /* NSKeyedUnarchiver-SimSecurely.h */ = {isa = PBXFileReference; fileEncoding = 4; lastKnownFileType = sourcecode.c.h; path = "NSKeyedUnarchiver-SimSecurely.h"; sourceTree = "<group>"; };
		48BD032F2A44E375005E818E /* SimDevicePasteboardItem.h */ = {isa = PBXFileReference; fileEncoding = 4; lastKnownFileType = sourcecode.c.h; path = SimDevicePasteboardItem.h; sourceTree = "<group>"; };
		48BD03302A44E375005E818E /* SimPasteboardItemData.h */ = {isa = PBXFileReference; fileEncoding = 4; lastKnownFileType = sourcecode.c.h; path = SimPasteboardItemData.h; sourceTree = "<group>"; };
		48BD03312A44E375005E818E /* SimDeviceType.h */ = {isa = PBXFileReference; fileEncoding = 4; lastKnownFileType = sourcecode.c.h; path = SimDeviceType.h; sourceTree = "<group>"; };
		48BD03322A44E375005E818E /* NSString-SIMPackedVersion.h */ = {isa = PBXFileReference; fileEncoding = 4; lastKnownFileType = sourcecode.c.h; path = "NSString-SIMPackedVersion.h"; sourceTree = "<group>"; };
		48BD03332A44E375005E818E /* SimDeviceSet.h */ = {isa = PBXFileReference; fileEncoding = 4; lastKnownFileType = sourcecode.c.h; path = SimDeviceSet.h; sourceTree = "<group>"; };
		48BD03342A44E375005E818E /* SimDeviceIOServer.h */ = {isa = PBXFileReference; fileEncoding = 4; lastKnownFileType = sourcecode.c.h; path = SimDeviceIOServer.h; sourceTree = "<group>"; };
		48BDCB712A4604D8009ABEF4 /* CoreSimulator */ = {isa = PBXFileReference; lastKnownFileType = "compiled.mach-o.dylib"; name = CoreSimulator; path = ../../../../Library/Developer/PrivateFrameworks/CoreSimulator.framework/Versions/A/CoreSimulator; sourceTree = "<group>"; };
		48BDCBC52A46142D009ABEF4 /* SimulatorKit.framework */ = {isa = PBXFileReference; explicitFileType = wrapper.framework; includeInIndex = 0; path = SimulatorKit.framework; sourceTree = BUILT_PRODUCTS_DIR; };
		48BDCBC72A46142D009ABEF4 /* SimulatorKit.h */ = {isa = PBXFileReference; lastKnownFileType = sourcecode.c.h; path = SimulatorKit.h; sourceTree = "<group>"; };
		48BDCBCC2A46144B009ABEF4 /* SimulatorKit.swift */ = {isa = PBXFileReference; lastKnownFileType = sourcecode.swift; path = SimulatorKit.swift; sourceTree = "<group>"; };
/* End PBXFileReference section */

/* Begin PBXFrameworksBuildPhase section */
		48BBE93F2A44D6CA005E4CF8 /* Frameworks */ = {
			isa = PBXFrameworksBuildPhase;
			buildActionMask = 2147483647;
			files = (
				48BDCBCE2A4614E9009ABEF4 /* SimulatorKit.framework in Frameworks */,
				48BDCB722A4604D8009ABEF4 /* CoreSimulator in Frameworks */,
			);
			runOnlyForDeploymentPostprocessing = 0;
		};
		48BDCBC22A46142D009ABEF4 /* Frameworks */ = {
			isa = PBXFrameworksBuildPhase;
			buildActionMask = 2147483647;
			files = (
			);
			runOnlyForDeploymentPostprocessing = 0;
		};
/* End PBXFrameworksBuildPhase section */

/* Begin PBXGroup section */
		48BBE9392A44D6CA005E4CF8 = {
			isa = PBXGroup;
			children = (
				48BD02F62A44E375005E818E /* CoreSimulator */,
				48BBE9492A44D80A005E4CF8 /* PalomaSimSupport.swift */,
				48BDCBC62A46142D009ABEF4 /* SimulatorKit */,
				48BBE9432A44D6CA005E4CF8 /* Products */,
				48BD02EE2A44DF64005E818E /* Frameworks */,
				48BD02F32A44E1AB005E818E /* XROS-Bridging-Header.h */,
			);
			sourceTree = "<group>";
		};
		48BBE9432A44D6CA005E4CF8 /* Products */ = {
			isa = PBXGroup;
			children = (
				48BBE9422A44D6CA005E4CF8 /* XROS.simdeviceui */,
				48BDCBC52A46142D009ABEF4 /* SimulatorKit.framework */,
			);
			name = Products;
			sourceTree = "<group>";
		};
		48BD02EE2A44DF64005E818E /* Frameworks */ = {
			isa = PBXGroup;
			children = (
				48BDCB712A4604D8009ABEF4 /* CoreSimulator */,
			);
			name = Frameworks;
			sourceTree = "<group>";
		};
		48BD02F62A44E375005E818E /* CoreSimulator */ = {
			isa = PBXGroup;
			children = (
				48BD02F72A44E375005E818E /* SimDeviceIOClient.h */,
				48BD02F82A44E375005E818E /* SimDeviceSet+Removed.h */,
				48BD02F92A44E375005E818E /* SimDevice+Removed.h */,
				48BD02FA2A44E375005E818E /* SimPasteboardItem.h */,
				48BD02FB2A44E375005E818E /* SimDeviceNotificationManager.h */,
				48BD02FC2A44E375005E818E /* SimDeviceIOPortConsumer-Protocol.h */,
				48BD02FD2A44E375005E818E /* SimDeviceIOLoadedBundle.h */,
				48BD02FE2A44E375005E818E /* SimMachPortServer.h */,
				48BD02FF2A44E375005E818E /* DefaultDisplayDescriptorState.h */,
				48BD03002A44E375005E818E /* CoreSimulator+BlockDefines.h */,
				48BD03012A44E375005E818E /* NSKeyedUnarchiver-SimPasteboardItem.h */,
				48BD03022A44E375005E818E /* SimPasteboard-Protocol.h */,
				48BD03032A44E375005E818E /* NSDictionary-SimEnvp.h */,
				48BD03042A44E375005E818E /* SimProfilesPathMonitor.h */,
				48BD03052A44E375005E818E /* NSString-SIMCPUType.h */,
				48BD03062A44E375005E818E /* NSString-SimServiceContextExtras.h */,
				48BD03072A44E375005E818E /* SimPasteboardSyncPoolProtocol-Protocol.h */,
				48BD03082A44E375005E818E /* SimRuntimePairingReuirements.h */,
				48BD03092A44E375005E818E /* SimDevicePair.h */,
				48BD030A2A44E375005E818E /* SimDeviceIOPortDescriptorState-Protocol.h */,
				48BD030B2A44E375005E818E /* SimServiceContext.h */,
				48BD030C2A44E375005E818E /* SimDeviceIOProtocol-Protocol.h */,
				48BD030D2A44E375005E818E /* SimPasteboardSyncPoolObject.h */,
				48BD030E2A44E375005E818E /* SimLocalThrowable.h */,
				48BD030F2A44E375005E818E /* SimDeviceIO.h */,
				48BD03102A44E375005E818E /* SimDeviceBootInfo.h */,
				48BD03112A44E375005E818E /* SimDevicePasteboardConnection.h */,
				48BD03122A44E375005E818E /* NSArray-SimArgv.h */,
				48BD03132A44E375005E818E /* NSPasteboardItemDataProvider-Protocol.h */,
				48BD03142A44E375005E818E /* NSFileManager-CoreSimulator.h */,
				48BD03152A44E375005E818E /* NSKeyedArchiver-SimPasteboardItem.h */,
				48BD03162A44E375005E818E /* CDStructures.h */,
				48BD03172A44E375005E818E /* NSError-SimError.h */,
				48BD03182A44E375005E818E /* NSSecureCoding-Protocol.h */,
				48BD03192A44E375005E818E /* NSKeyedArchiver-SimSecurely.h */,
				48BD031A2A44E375005E818E /* SimPasteboardSyncPool.h */,
				48BD031B2A44E375005E818E /* SimDevice.h */,
				48BD031C2A44E375005E818E /* SimDeviceIOInterface-Protocol.h */,
				48BD031D2A44E375005E818E /* SimRuntime.h */,
				48BD031E2A44E375005E818E /* SimNSPasteboardItem.h */,
				48BD031F2A44E375005E818E /* SimDeviceType+Removed.h */,
				48BD03202A44E375005E818E /* SimNSPasteboard.h */,
				48BD03212A44E375005E818E /* NSCoding-Protocol.h */,
				48BD03222A44E375005E818E /* SimPasteboardItemWrappedData.h */,
				48BD03232A44E375005E818E /* NSUserDefaults-SimDefaults.h */,
				48BD03242A44E375005E818E /* SimDeviceNotifier-Protocol.h */,
				48BD03252A44E375005E818E /* NSPasteboardItem-SimPasteboardItem.h */,
				48BD03262A44E375005E818E /* FoundationXPCProtocolProxyable-Protocol.h */,
				48BD03272A44E375005E818E /* NSDictionary-SimSaveWithError.h */,
				48BD03282A44E375005E818E /* SimDevicePasteboard.h */,
				48BD03292A44E375005E818E /* SimPasteboardItemDataProvider-Protocol.h */,
				48BD032A2A44E375005E818E /* SimRuntime+Removed.h */,
				48BD032B2A44E375005E818E /* SimDisplayDefaultDescriptorState.h */,
				48BD032C2A44E375005E818E /* SimPasteboardPortMap.h */,
				48BD032D2A44E375005E818E /* SimDisplayDescriptorState-Protocol.h */,
				48BD032E2A44E375005E818E /* NSKeyedUnarchiver-SimSecurely.h */,
				48BD032F2A44E375005E818E /* SimDevicePasteboardItem.h */,
				48BD03302A44E375005E818E /* SimPasteboardItemData.h */,
				48BD03312A44E375005E818E /* SimDeviceType.h */,
				48BD03322A44E375005E818E /* NSString-SIMPackedVersion.h */,
				48BD03332A44E375005E818E /* SimDeviceSet.h */,
				48BD03342A44E375005E818E /* SimDeviceIOServer.h */,
			);
			path = CoreSimulator;
			sourceTree = "<group>";
		};
		48BDCBC62A46142D009ABEF4 /* SimulatorKit */ = {
			isa = PBXGroup;
			children = (
				48BDCBC72A46142D009ABEF4 /* SimulatorKit.h */,
				48BDCBCC2A46144B009ABEF4 /* SimulatorKit.swift */,
			);
			path = SimulatorKit;
			sourceTree = "<group>";
		};
/* End PBXGroup section */

/* Begin PBXHeadersBuildPhase section */
		48BDCBC02A46142D009ABEF4 /* Headers */ = {
			isa = PBXHeadersBuildPhase;
			buildActionMask = 2147483647;
			files = (
				48BDCBC82A46142D009ABEF4 /* SimulatorKit.h in Headers */,
			);
			runOnlyForDeploymentPostprocessing = 0;
		};
/* End PBXHeadersBuildPhase section */

/* Begin PBXNativeTarget section */
		48BBE9412A44D6CA005E4CF8 /* XROS */ = {
			isa = PBXNativeTarget;
			buildConfigurationList = 48BBE9462A44D6CA005E4CF8 /* Build configuration list for PBXNativeTarget "XROS" */;
			buildPhases = (
				48BBE93E2A44D6CA005E4CF8 /* Sources */,
				48BBE93F2A44D6CA005E4CF8 /* Frameworks */,
				48BBE9402A44D6CA005E4CF8 /* Resources */,
				48BD02EC2A44DCED005E818E /* CopyFiles */,
			);
			buildRules = (
			);
			dependencies = (
				48BDCBD02A4614ED009ABEF4 /* PBXTargetDependency */,
			);
			name = XROS;
			productName = XROS;
			productReference = 48BBE9422A44D6CA005E4CF8 /* XROS.simdeviceui */;
			productType = "com.apple.product-type.bundle";
		};
		48BDCBC42A46142D009ABEF4 /* SimulatorKit */ = {
			isa = PBXNativeTarget;
			buildConfigurationList = 48BDCBC92A46142D009ABEF4 /* Build configuration list for PBXNativeTarget "SimulatorKit" */;
			buildPhases = (
				48BDCBC02A46142D009ABEF4 /* Headers */,
				48BDCBC12A46142D009ABEF4 /* Sources */,
				48BDCBC22A46142D009ABEF4 /* Frameworks */,
				48BDCBC32A46142D009ABEF4 /* Resources */,
			);
			buildRules = (
			);
			dependencies = (
			);
			name = SimulatorKit;
			productName = SimulatorKit;
			productReference = 48BDCBC52A46142D009ABEF4 /* SimulatorKit.framework */;
			productType = "com.apple.product-type.framework";
		};
/* End PBXNativeTarget section */

/* Begin PBXProject section */
		48BBE93A2A44D6CA005E4CF8 /* Project object */ = {
			isa = PBXProject;
			attributes = {
				BuildIndependentTargetsInParallel = 1;
				LastUpgradeCheck = 1500;
				TargetAttributes = {
					48BBE9412A44D6CA005E4CF8 = {
						CreatedOnToolsVersion = 15.0;
						LastSwiftMigration = 1500;
					};
					48BDCBC42A46142D009ABEF4 = {
						CreatedOnToolsVersion = 15.0;
						LastSwiftMigration = 1500;
					};
				};
			};
			buildConfigurationList = 48BBE93D2A44D6CA005E4CF8 /* Build configuration list for PBXProject "XROS" */;
			compatibilityVersion = "Xcode 14.0";
			developmentRegion = en;
			hasScannedForEncodings = 0;
			knownRegions = (
				en,
				Base,
			);
			mainGroup = 48BBE9392A44D6CA005E4CF8;
			productRefGroup = 48BBE9432A44D6CA005E4CF8 /* Products */;
			projectDirPath = "";
			projectRoot = "";
			targets = (
				48BBE9412A44D6CA005E4CF8 /* XROS */,
				48BDCBC42A46142D009ABEF4 /* SimulatorKit */,
			);
		};
/* End PBXProject section */

/* Begin PBXResourcesBuildPhase section */
		48BBE9402A44D6CA005E4CF8 /* Resources */ = {
			isa = PBXResourcesBuildPhase;
			buildActionMask = 2147483647;
			files = (
			);
			runOnlyForDeploymentPostprocessing = 0;
		};
		48BDCBC32A46142D009ABEF4 /* Resources */ = {
			isa = PBXResourcesBuildPhase;
			buildActionMask = 2147483647;
			files = (
			);
			runOnlyForDeploymentPostprocessing = 0;
		};
/* End PBXResourcesBuildPhase section */

/* Begin PBXSourcesBuildPhase section */
		48BBE93E2A44D6CA005E4CF8 /* Sources */ = {
			isa = PBXSourcesBuildPhase;
			buildActionMask = 2147483647;
			files = (
				48BBE94A2A44D80A005E4CF8 /* PalomaSimSupport.swift in Sources */,
			);
			runOnlyForDeploymentPostprocessing = 0;
		};
		48BDCBC12A46142D009ABEF4 /* Sources */ = {
			isa = PBXSourcesBuildPhase;
			buildActionMask = 2147483647;
			files = (
				48BDCBCD2A46144B009ABEF4 /* SimulatorKit.swift in Sources */,
			);
			runOnlyForDeploymentPostprocessing = 0;
		};
/* End PBXSourcesBuildPhase section */

/* Begin PBXTargetDependency section */
		48BDCBD02A4614ED009ABEF4 /* PBXTargetDependency */ = {
			isa = PBXTargetDependency;
			target = 48BDCBC42A46142D009ABEF4 /* SimulatorKit */;
			targetProxy = 48BDCBCF2A4614ED009ABEF4 /* PBXContainerItemProxy */;
		};
/* End PBXTargetDependency section */

/* Begin XCBuildConfiguration section */
		48BBE9442A44D6CA005E4CF8 /* Debug */ = {
			isa = XCBuildConfiguration;
			buildSettings = {
				ALWAYS_SEARCH_USER_PATHS = NO;
				ASSETCATALOG_COMPILER_GENERATE_SWIFT_ASSET_SYMBOL_EXTENSIONS = YES;
				CLANG_ANALYZER_NONNULL = YES;
				CLANG_ANALYZER_NUMBER_OBJECT_CONVERSION = YES_AGGRESSIVE;
				CLANG_CXX_LANGUAGE_STANDARD = "gnu++20";
				CLANG_ENABLE_MODULES = YES;
				CLANG_ENABLE_OBJC_ARC = YES;
				CLANG_ENABLE_OBJC_WEAK = YES;
				CLANG_WARN_BLOCK_CAPTURE_AUTORELEASING = YES;
				CLANG_WARN_BOOL_CONVERSION = YES;
				CLANG_WARN_COMMA = YES;
				CLANG_WARN_CONSTANT_CONVERSION = YES;
				CLANG_WARN_DEPRECATED_OBJC_IMPLEMENTATIONS = YES;
				CLANG_WARN_DIRECT_OBJC_ISA_USAGE = YES_ERROR;
				CLANG_WARN_DOCUMENTATION_COMMENTS = YES;
				CLANG_WARN_EMPTY_BODY = YES;
				CLANG_WARN_ENUM_CONVERSION = YES;
				CLANG_WARN_INFINITE_RECURSION = YES;
				CLANG_WARN_INT_CONVERSION = YES;
				CLANG_WARN_NON_LITERAL_NULL_CONVERSION = YES;
				CLANG_WARN_OBJC_IMPLICIT_RETAIN_SELF = YES;
				CLANG_WARN_OBJC_LITERAL_CONVERSION = YES;
				CLANG_WARN_OBJC_ROOT_CLASS = YES_ERROR;
				CLANG_WARN_QUOTED_INCLUDE_IN_FRAMEWORK_HEADER = YES;
				CLANG_WARN_RANGE_LOOP_ANALYSIS = YES;
				CLANG_WARN_STRICT_PROTOTYPES = YES;
				CLANG_WARN_SUSPICIOUS_MOVE = YES;
				CLANG_WARN_UNGUARDED_AVAILABILITY = YES_AGGRESSIVE;
				CLANG_WARN_UNREACHABLE_CODE = YES;
				CLANG_WARN__DUPLICATE_METHOD_MATCH = YES;
				COPY_PHASE_STRIP = NO;
				DEBUG_INFORMATION_FORMAT = dwarf;
				ENABLE_STRICT_OBJC_MSGSEND = YES;
				ENABLE_TESTABILITY = YES;
				ENABLE_USER_SCRIPT_SANDBOXING = YES;
				GCC_C_LANGUAGE_STANDARD = gnu17;
				GCC_DYNAMIC_NO_PIC = NO;
				GCC_NO_COMMON_BLOCKS = YES;
				GCC_OPTIMIZATION_LEVEL = 0;
				GCC_PREPROCESSOR_DEFINITIONS = (
					"DEBUG=1",
					"$(inherited)",
				);
				GCC_WARN_64_TO_32_BIT_CONVERSION = YES;
				GCC_WARN_ABOUT_RETURN_TYPE = YES_ERROR;
				GCC_WARN_UNDECLARED_SELECTOR = YES;
				GCC_WARN_UNINITIALIZED_AUTOS = YES_AGGRESSIVE;
				GCC_WARN_UNUSED_FUNCTION = YES;
				GCC_WARN_UNUSED_VARIABLE = YES;
				LOCALIZATION_PREFERS_STRING_CATALOGS = YES;
				MACOSX_DEPLOYMENT_TARGET = 13.4;
				MTL_ENABLE_DEBUG_INFO = INCLUDE_SOURCE;
				MTL_FAST_MATH = YES;
				ONLY_ACTIVE_ARCH = YES;
				SDKROOT = macosx;
			};
			name = Debug;
		};
		48BBE9452A44D6CA005E4CF8 /* Release */ = {
			isa = XCBuildConfiguration;
			buildSettings = {
				ALWAYS_SEARCH_USER_PATHS = NO;
				ASSETCATALOG_COMPILER_GENERATE_SWIFT_ASSET_SYMBOL_EXTENSIONS = YES;
				CLANG_ANALYZER_NONNULL = YES;
				CLANG_ANALYZER_NUMBER_OBJECT_CONVERSION = YES_AGGRESSIVE;
				CLANG_CXX_LANGUAGE_STANDARD = "gnu++20";
				CLANG_ENABLE_MODULES = YES;
				CLANG_ENABLE_OBJC_ARC = YES;
				CLANG_ENABLE_OBJC_WEAK = YES;
				CLANG_WARN_BLOCK_CAPTURE_AUTORELEASING = YES;
				CLANG_WARN_BOOL_CONVERSION = YES;
				CLANG_WARN_COMMA = YES;
				CLANG_WARN_CONSTANT_CONVERSION = YES;
				CLANG_WARN_DEPRECATED_OBJC_IMPLEMENTATIONS = YES;
				CLANG_WARN_DIRECT_OBJC_ISA_USAGE = YES_ERROR;
				CLANG_WARN_DOCUMENTATION_COMMENTS = YES;
				CLANG_WARN_EMPTY_BODY = YES;
				CLANG_WARN_ENUM_CONVERSION = YES;
				CLANG_WARN_INFINITE_RECURSION = YES;
				CLANG_WARN_INT_CONVERSION = YES;
				CLANG_WARN_NON_LITERAL_NULL_CONVERSION = YES;
				CLANG_WARN_OBJC_IMPLICIT_RETAIN_SELF = YES;
				CLANG_WARN_OBJC_LITERAL_CONVERSION = YES;
				CLANG_WARN_OBJC_ROOT_CLASS = YES_ERROR;
				CLANG_WARN_QUOTED_INCLUDE_IN_FRAMEWORK_HEADER = YES;
				CLANG_WARN_RANGE_LOOP_ANALYSIS = YES;
				CLANG_WARN_STRICT_PROTOTYPES = YES;
				CLANG_WARN_SUSPICIOUS_MOVE = YES;
				CLANG_WARN_UNGUARDED_AVAILABILITY = YES_AGGRESSIVE;
				CLANG_WARN_UNREACHABLE_CODE = YES;
				CLANG_WARN__DUPLICATE_METHOD_MATCH = YES;
				COPY_PHASE_STRIP = NO;
				DEBUG_INFORMATION_FORMAT = "dwarf-with-dsym";
				ENABLE_NS_ASSERTIONS = NO;
				ENABLE_STRICT_OBJC_MSGSEND = YES;
				ENABLE_USER_SCRIPT_SANDBOXING = YES;
				GCC_C_LANGUAGE_STANDARD = gnu17;
				GCC_NO_COMMON_BLOCKS = YES;
				GCC_WARN_64_TO_32_BIT_CONVERSION = YES;
				GCC_WARN_ABOUT_RETURN_TYPE = YES_ERROR;
				GCC_WARN_UNDECLARED_SELECTOR = YES;
				GCC_WARN_UNINITIALIZED_AUTOS = YES_AGGRESSIVE;
				GCC_WARN_UNUSED_FUNCTION = YES;
				GCC_WARN_UNUSED_VARIABLE = YES;
				LOCALIZATION_PREFERS_STRING_CATALOGS = YES;
				MACOSX_DEPLOYMENT_TARGET = 13.4;
				MTL_ENABLE_DEBUG_INFO = NO;
				MTL_FAST_MATH = YES;
				SDKROOT = macosx;
			};
			name = Release;
		};
		48BBE9472A44D6CA005E4CF8 /* Debug */ = {
			isa = XCBuildConfiguration;
			buildSettings = {
				CLANG_ENABLE_MODULES = YES;
				"CODE_SIGN_IDENTITY[sdk=macosx*]" = "-";
				CODE_SIGN_STYLE = Manual;
				COMBINE_HIDPI_IMAGES = YES;
				CURRENT_PROJECT_VERSION = 1;
				DEVELOPMENT_TEAM = "";
				"DEVELOPMENT_TEAM[sdk=macosx*]" = "";
				GENERATE_INFOPLIST_FILE = YES;
				HEADER_SEARCH_PATHS = "${SRCROOT}";
				INFOPLIST_KEY_NSHumanReadableCopyright = "";
				INFOPLIST_KEY_NSPrincipalClass = XROS.PalomaSimSupport;
				INSTALL_PATH = "$(LOCAL_LIBRARY_DIR)/Bundles";
				MARKETING_VERSION = 1.0;
				PRODUCT_BUNDLE_IDENTIFIER = com.apple.CoreSimulator.SimDeviceUserInterface.XROS;
				PRODUCT_NAME = "$(TARGET_NAME)";
				PROVISIONING_PROFILE_SPECIFIER = "";
				SKIP_INSTALL = YES;
				SWIFT_EMIT_LOC_STRINGS = YES;
				SWIFT_OBJC_BRIDGING_HEADER = "XROS-Bridging-Header.h";
				SWIFT_OPTIMIZATION_LEVEL = "-Onone";
				SWIFT_VERSION = 5.0;
				WRAPPER_EXTENSION = simdeviceui;
			};
			name = Debug;
		};
		48BBE9482A44D6CA005E4CF8 /* Release */ = {
			isa = XCBuildConfiguration;
			buildSettings = {
				CLANG_ENABLE_MODULES = YES;
				"CODE_SIGN_IDENTITY[sdk=macosx*]" = "-";
				CODE_SIGN_STYLE = Manual;
				COMBINE_HIDPI_IMAGES = YES;
				CURRENT_PROJECT_VERSION = 1;
				DEVELOPMENT_TEAM = "";
				"DEVELOPMENT_TEAM[sdk=macosx*]" = "";
				GENERATE_INFOPLIST_FILE = YES;
				HEADER_SEARCH_PATHS = "${SRCROOT}";
				INFOPLIST_KEY_NSHumanReadableCopyright = "";
				INFOPLIST_KEY_NSPrincipalClass = XROS.PalomaSimSupport;
				INSTALL_PATH = "$(LOCAL_LIBRARY_DIR)/Bundles";
				MARKETING_VERSION = 1.0;
				PRODUCT_BUNDLE_IDENTIFIER = com.apple.CoreSimulator.SimDeviceUserInterface.XROS;
				PRODUCT_NAME = "$(TARGET_NAME)";
				PROVISIONING_PROFILE_SPECIFIER = "";
				SKIP_INSTALL = YES;
				SWIFT_EMIT_LOC_STRINGS = YES;
				SWIFT_OBJC_BRIDGING_HEADER = "XROS-Bridging-Header.h";
				SWIFT_VERSION = 5.0;
				WRAPPER_EXTENSION = simdeviceui;
			};
			name = Release;
		};
		48BDCBCA2A46142D009ABEF4 /* Debug */ = {
			isa = XCBuildConfiguration;
			buildSettings = {
				CLANG_ENABLE_MODULES = YES;
				CODE_SIGN_STYLE = Automatic;
				COMBINE_HIDPI_IMAGES = YES;
				CURRENT_PROJECT_VERSION = 1;
				DEFINES_MODULE = YES;
				DYLIB_COMPATIBILITY_VERSION = 1;
				DYLIB_CURRENT_VERSION = 1;
				DYLIB_INSTALL_NAME_BASE = "@rpath";
				ENABLE_MODULE_VERIFIER = YES;
				GENERATE_INFOPLIST_FILE = YES;
				INFOPLIST_KEY_NSHumanReadableCopyright = "";
				INSTALL_PATH = "$(LOCAL_LIBRARY_DIR)/Frameworks";
				LD_RUNPATH_SEARCH_PATHS = (
					"$(inherited)",
					"@executable_path/../Frameworks",
					"@loader_path/Frameworks",
				);
				MARKETING_VERSION = 1.0;
				MODULE_VERIFIER_SUPPORTED_LANGUAGES = "objective-c objective-c++";
				MODULE_VERIFIER_SUPPORTED_LANGUAGE_STANDARDS = "gnu17 gnu++20";
				PRODUCT_BUNDLE_IDENTIFIER = dev.jjtech.SimulatorKit;
				PRODUCT_NAME = "$(TARGET_NAME:c99extidentifier)";
				SKIP_INSTALL = YES;
				SWIFT_ACTIVE_COMPILATION_CONDITIONS = "DEBUG $(inherited)";
				SWIFT_EMIT_LOC_STRINGS = YES;
				SWIFT_OPTIMIZATION_LEVEL = "-Onone";
				SWIFT_VERSION = 5.0;
				VERSIONING_SYSTEM = "apple-generic";
				VERSION_INFO_PREFIX = "";
			};
			name = Debug;
		};
		48BDCBCB2A46142D009ABEF4 /* Release */ = {
			isa = XCBuildConfiguration;
			buildSettings = {
				CLANG_ENABLE_MODULES = YES;
				CODE_SIGN_STYLE = Automatic;
				COMBINE_HIDPI_IMAGES = YES;
				CURRENT_PROJECT_VERSION = 1;
				DEFINES_MODULE = YES;
				DYLIB_COMPATIBILITY_VERSION = 1;
				DYLIB_CURRENT_VERSION = 1;
				DYLIB_INSTALL_NAME_BASE = "@rpath";
				ENABLE_MODULE_VERIFIER = YES;
				GENERATE_INFOPLIST_FILE = YES;
				INFOPLIST_KEY_NSHumanReadableCopyright = "";
				INSTALL_PATH = "$(LOCAL_LIBRARY_DIR)/Frameworks";
				LD_RUNPATH_SEARCH_PATHS = (
					"$(inherited)",
					"@executable_path/../Frameworks",
					"@loader_path/Frameworks",
				);
				MARKETING_VERSION = 1.0;
				MODULE_VERIFIER_SUPPORTED_LANGUAGES = "objective-c objective-c++";
				MODULE_VERIFIER_SUPPORTED_LANGUAGE_STANDARDS = "gnu17 gnu++20";
				PRODUCT_BUNDLE_IDENTIFIER = dev.jjtech.SimulatorKit;
				PRODUCT_NAME = "$(TARGET_NAME:c99extidentifier)";
				SKIP_INSTALL = YES;
				SWIFT_COMPILATION_MODE = wholemodule;
				SWIFT_EMIT_LOC_STRINGS = YES;
				SWIFT_VERSION = 5.0;
				VERSIONING_SYSTEM = "apple-generic";
				VERSION_INFO_PREFIX = "";
			};
			name = Release;
		};
/* End XCBuildConfiguration section */

/* Begin XCConfigurationList section */
		48BBE93D2A44D6CA005E4CF8 /* Build configuration list for PBXProject "XROS" */ = {
			isa = XCConfigurationList;
			buildConfigurations = (
				48BBE9442A44D6CA005E4CF8 /* Debug */,
				48BBE9452A44D6CA005E4CF8 /* Release */,
			);
			defaultConfigurationIsVisible = 0;
			defaultConfigurationName = Release;
		};
		48BBE9462A44D6CA005E4CF8 /* Build configuration list for PBXNativeTarget "XROS" */ = {
			isa = XCConfigurationList;
			buildConfigurations = (
				48BBE9472A44D6CA005E4CF8 /* Debug */,
				48BBE9482A44D6CA005E4CF8 /* Release */,
			);
			defaultConfigurationIsVisible = 0;
			defaultConfigurationName = Release;
		};
		48BDCBC92A46142D009ABEF4 /* Build configuration list for PBXNativeTarget "SimulatorKit" */ = {
			isa = XCConfigurationList;
			buildConfigurations = (
				48BDCBCA2A46142D009ABEF4 /* Debug */,
				48BDCBCB2A46142D009ABEF4 /* Release */,
			);
			defaultConfigurationIsVisible = 0;
			defaultConfigurationName = Release;
		};
/* End XCConfigurationList section */
	};
	rootObject = 48BBE93A2A44D6CA005E4CF8 /* Project object */;
}
